Microsoft Visual Studio Solution File, Format Version 12.00
# Visual Studio Version 17
VisualStudioVersion = 17.5.2.0
MinimumVisualStudioVersion = 10.0.40219.1
Project("{2150E333-8FDC-42A3-9474-1A3956D46DE8}") = "back", "back", "{11BF4459-C332-B9BD-164A-F44681F2EC0B}"
EndProject
Project("{2150E333-8FDC-42A3-9474-1A3956D46DE8}") = "UniFlowHub.Api", "UniFlowHub.Api", "{77429A2D-5D27-FE90-45B6-978563D5D418}"
EndProject
Project("{FAE04EC0-301F-11D3-BF4B-00C04F79EFBC}") = "UniFlowHub", "back\UniFlowHub.Api\UniFlowHub.csproj", "{08401BC7-D8D2-88FD-82F3-A985960DE925}"
EndProject
Global
	GlobalSection(SolutionConfigurationPlatforms) = preSolution
		Debug|Any CPU = Debug|Any CPU
		Release|Any CPU = Release|Any CPU
	EndGlobalSection
	GlobalSection(ProjectConfigurationPlatforms) = postSolution
		{08401BC7-D8D2-88FD-82F3-A985960DE925}.Debug|Any CPU.ActiveCfg = Debug|Any CPU
		{08401BC7-D8D2-88FD-82F3-A985960DE925}.Debug|Any CPU.Build.0 = Debug|Any CPU
		{08401BC7-D8D2-88FD-82F3-A985960DE925}.Release|Any CPU.ActiveCfg = Release|Any CPU
		{08401BC7-D8D2-88FD-82F3-A985960DE925}.Release|Any CPU.Build.0 = Release|Any CPU
	EndGlobalSection
	GlobalSection(SolutionProperties) = preSolution
		HideSolutionNode = FALSE
	EndGlobalSection
	GlobalSection(NestedProjects) = preSolution
		{77429A2D-5D27-FE90-45B6-978563D5D418} = {11BF4459-C332-B9BD-164A-F44681F2EC0B}
		{08401BC7-D8D2-88FD-82F3-A985960DE925} = {77429A2D-5D27-FE90-45B6-978563D5D418}
	EndGlobalSection
	GlobalSection(ExtensibilityGlobals) = postSolution
		SolutionGuid = {B122EC30-0108-476C-8BC3-17F044862572}
	EndGlobalSection
EndGlobal
